# generated by rye
# use `rye lock` or `rye sync` to update this lockfile
#
# last locked with the following flags:
#   pre: false
#   features: []
#   all-features: false
#   with-sources: false
#   generate-hashes: false
#   universal: false

-e file:.
aiosqlite==0.21.0
    # via todo-api-py
alembic==1.15.2
    # via todo-api-py
annotated-types==0.7.0
    # via pydantic
anyio==4.9.0
    # via httpx
    # via starlette
    # via watchfiles
asyncpg==0.30.0
    # via todo-api-py
certifi==2025.1.31
    # via httpcore
    # via httpx
cffi==1.17.1
    # via cryptography
click==8.1.8
    # via uvicorn
coverage==7.8.0
    # via pytest-cov
cryptography==44.0.2
    # via todo-api-py
ecdsa==0.19.1
    # via python-jose
fastapi==0.115.12
    # via todo-api-py
greenlet==3.1.1
    # via sqlalchemy
h11==0.14.0
    # via httpcore
    # via uvicorn
httpcore==1.0.8
    # via httpx
httptools==0.6.4
    # via uvicorn
httpx==0.28.1
idna==3.10
    # via anyio
    # via httpx
iniconfig==2.1.0
    # via pytest
mako==1.3.9
    # via alembic
markupsafe==3.0.2
    # via mako
packaging==24.2
    # via pytest
pluggy==1.5.0
    # via pytest
pyasn1==0.4.8
    # via python-jose
    # via rsa
pycparser==2.22
    # via cffi
pydantic==2.11.2
    # via fastapi
    # via pydantic-settings
    # via todo-api-py
pydantic-core==2.33.1
    # via pydantic
pydantic-settings==2.8.1
    # via todo-api-py
pytest==8.3.5
    # via pytest-asyncio
    # via pytest-cov
pytest-asyncio==0.26.0
pytest-cov==6.1.1
python-dotenv==1.1.0
    # via pydantic-settings
    # via uvicorn
python-jose==3.4.0
    # via todo-api-py
pyyaml==6.0.2
    # via uvicorn
rsa==4.9
    # via python-jose
six==1.17.0
    # via ecdsa
sniffio==1.3.1
    # via anyio
sqlalchemy==2.0.40
    # via alembic
    # via todo-api-py
starlette==0.46.1
    # via fastapi
typing-extensions==4.13.1
    # via aiosqlite
    # via alembic
    # via anyio
    # via fastapi
    # via pydantic
    # via pydantic-core
    # via sqlalchemy
    # via typing-inspection
typing-inspection==0.4.0
    # via pydantic
uvicorn==0.34.0
    # via todo-api-py
uvloop==0.21.0
    # via uvicorn
watchfiles==1.0.4
    # via uvicorn
websockets==15.0.1
    # via uvicorn
